
Microsoft Visual Studio Solution File, Format Version 12.00
# Visual Studio 15
VisualStudioVersion = 15.0.27703.2026
MinimumVisualStudioVersion = 10.0.40219.1
Project("{FAE04EC0-301F-11D3-BF4B-00C04F79EFBC}") = "RealtyWebApp", "RealtyWebApp\RealtyWebApp.csproj", "{169F60A0-BD69-4A00-AE12-50AC05F1B099}"
EndProject
Project("{FAE04EC0-301F-11D3-BF4B-00C04F79EFBC}") = "RealtyWebApp.Tests", "RealtyWebApp.Tests\RealtyWebApp.Tests.csproj", "{90C692BF-95C7-40F5-A9DD-03CC7D7057A3}"
EndProject
Global
	GlobalSection(SolutionConfigurationPlatforms) = preSolution
		Debug|Any CPU = Debug|Any CPU
		Release|Any CPU = Release|Any CPU
	EndGlobalSection
	GlobalSection(ProjectConfigurationPlatforms) = postSolution
		{169F60A0-BD69-4A00-AE12-50AC05F1B099}.Debug|Any CPU.ActiveCfg = Debug|Any CPU
		{169F60A0-BD69-4A00-AE12-50AC05F1B099}.Debug|Any CPU.Build.0 = Debug|Any CPU
		{169F60A0-BD69-4A00-AE12-50AC05F1B099}.Release|Any CPU.ActiveCfg = Release|Any CPU
		{169F60A0-BD69-4A00-AE12-50AC05F1B099}.Release|Any CPU.Build.0 = Release|Any CPU
		{90C692BF-95C7-40F5-A9DD-03CC7D7057A3}.Debug|Any CPU.ActiveCfg = Debug|Any CPU
		{90C692BF-95C7-40F5-A9DD-03CC7D7057A3}.Debug|Any CPU.Build.0 = Debug|Any CPU
		{90C692BF-95C7-40F5-A9DD-03CC7D7057A3}.Release|Any CPU.ActiveCfg = Release|Any CPU
		{90C692BF-95C7-40F5-A9DD-03CC7D7057A3}.Release|Any CPU.Build.0 = Release|Any CPU
	EndGlobalSection
	GlobalSection(SolutionProperties) = preSolution
		HideSolutionNode = FALSE
	EndGlobalSection
	GlobalSection(ExtensibilityGlobals) = postSolution
		SolutionGuid = {3AA68132-3D14-4BDE-9BDD-E6AC40F22385}
	EndGlobalSection
EndGlobal
